
Microsoft Visual Studio Solution File, Format Version 12.00
# Visual Studio Version 17
VisualStudioVersion = 17.0.32014.148
MinimumVisualStudioVersion = 10.0.40219.1
Project("{FAE04EC0-301F-11D3-BF4B-00C04F79EFBC}") = "lab_1", "lab_1\lab_1.csproj", "{4233F410-0151-47E4-987A-7C68E7F96B52}"
EndProject
Global
	GlobalSection(SolutionConfigurationPlatforms) = preSolution
		Debug|Any CPU = Debug|Any CPU
		Release|Any CPU = Release|Any CPU
	EndGlobalSection
	GlobalSection(ProjectConfigurationPlatforms) = postSolution
		{4233F410-0151-47E4-987A-7C68E7F96B52}.Debug|Any CPU.ActiveCfg = Debug|Any CPU
		{4233F410-0151-47E4-987A-7C68E7F96B52}.Debug|Any CPU.Build.0 = Debug|Any CPU
		{4233F410-0151-47E4-987A-7C68E7F96B52}.Release|Any CPU.ActiveCfg = Release|Any CPU
		{4233F410-0151-47E4-987A-7C68E7F96B52}.Release|Any CPU.Build.0 = Release|Any CPU
	EndGlobalSection
	GlobalSection(SolutionProperties) = preSolution
		HideSolutionNode = FALSE
	EndGlobalSection
	GlobalSection(ExtensibilityGlobals) = postSolution
		SolutionGuid = {FD8EEDE7-924F-4467-9391-183657B98654}
	EndGlobalSection
EndGlobal
