
Microsoft Visual Studio Solution File, Format Version 12.00
# Visual Studio Version 17
VisualStudioVersion = 17.0.32014.148
MinimumVisualStudioVersion = 10.0.40219.1
Project("{FAE04EC0-301F-11D3-BF4B-00C04F79EFBC}") = "Lab8.Client", "Lab8.Client\Lab8.Client.csproj", "{FF401494-4FBB-4E06-87AA-93DDA21B2E91}"
EndProject
Project("{FAE04EC0-301F-11D3-BF4B-00C04F79EFBC}") = "Lab8.JsonRPC", "Lab8.JsonRPC\Lab8.JsonRPC.csproj", "{946E69DE-0978-461C-90F4-8A1861902098}"
EndProject
Global
	GlobalSection(SolutionConfigurationPlatforms) = preSolution
		Debug|Any CPU = Debug|Any CPU
		Release|Any CPU = Release|Any CPU
	EndGlobalSection
	GlobalSection(ProjectConfigurationPlatforms) = postSolution
		{FF401494-4FBB-4E06-87AA-93DDA21B2E91}.Debug|Any CPU.ActiveCfg = Debug|Any CPU
		{FF401494-4FBB-4E06-87AA-93DDA21B2E91}.Debug|Any CPU.Build.0 = Debug|Any CPU
		{FF401494-4FBB-4E06-87AA-93DDA21B2E91}.Release|Any CPU.ActiveCfg = Release|Any CPU
		{FF401494-4FBB-4E06-87AA-93DDA21B2E91}.Release|Any CPU.Build.0 = Release|Any CPU
		{946E69DE-0978-461C-90F4-8A1861902098}.Debug|Any CPU.ActiveCfg = Debug|Any CPU
		{946E69DE-0978-461C-90F4-8A1861902098}.Debug|Any CPU.Build.0 = Debug|Any CPU
		{946E69DE-0978-461C-90F4-8A1861902098}.Release|Any CPU.ActiveCfg = Release|Any CPU
		{946E69DE-0978-461C-90F4-8A1861902098}.Release|Any CPU.Build.0 = Release|Any CPU
	EndGlobalSection
	GlobalSection(SolutionProperties) = preSolution
		HideSolutionNode = FALSE
	EndGlobalSection
	GlobalSection(ExtensibilityGlobals) = postSolution
		SolutionGuid = {5596BDDD-7D84-4217-B970-7D0524A577BD}
	EndGlobalSection
EndGlobal
