
Microsoft Visual Studio Solution File, Format Version 12.00
# Visual Studio Version 17
VisualStudioVersion = 17.0.32014.148
MinimumVisualStudioVersion = 10.0.40219.1
Project("{FAE04EC0-301F-11D3-BF4B-00C04F79EFBC}") = "Lab4", "Lab4\Lab4.csproj", "{06C29112-2C0E-437F-85BB-00941EABACFF}"
EndProject
Project("{FAE04EC0-301F-11D3-BF4B-00C04F79EFBC}") = "Lab4_WinForm", "..\Lab4_WinForm\Lab4_WinForm\Lab4_WinForm.csproj", "{EAF08F8E-2893-4E52-940F-4E45675B7DD3}"
EndProject
Project("{FAE04EC0-301F-11D3-BF4B-00C04F79EFBC}") = "Lab4_WebForm", "..\Lab4_WebForm\Lab4_WebForm\Lab4_WebForm.csproj", "{6B18613D-AE7A-42D0-ABF3-8C40DACD8E59}"
EndProject
Global
	GlobalSection(SolutionConfigurationPlatforms) = preSolution
		Debug|Any CPU = Debug|Any CPU
		Release|Any CPU = Release|Any CPU
	EndGlobalSection
	GlobalSection(ProjectConfigurationPlatforms) = postSolution
		{06C29112-2C0E-437F-85BB-00941EABACFF}.Debug|Any CPU.ActiveCfg = Debug|Any CPU
		{06C29112-2C0E-437F-85BB-00941EABACFF}.Debug|Any CPU.Build.0 = Debug|Any CPU
		{06C29112-2C0E-437F-85BB-00941EABACFF}.Release|Any CPU.ActiveCfg = Release|Any CPU
		{06C29112-2C0E-437F-85BB-00941EABACFF}.Release|Any CPU.Build.0 = Release|Any CPU
		{EAF08F8E-2893-4E52-940F-4E45675B7DD3}.Debug|Any CPU.ActiveCfg = Debug|Any CPU
		{EAF08F8E-2893-4E52-940F-4E45675B7DD3}.Debug|Any CPU.Build.0 = Debug|Any CPU
		{EAF08F8E-2893-4E52-940F-4E45675B7DD3}.Release|Any CPU.ActiveCfg = Release|Any CPU
		{EAF08F8E-2893-4E52-940F-4E45675B7DD3}.Release|Any CPU.Build.0 = Release|Any CPU
		{6B18613D-AE7A-42D0-ABF3-8C40DACD8E59}.Debug|Any CPU.ActiveCfg = Debug|Any CPU
		{6B18613D-AE7A-42D0-ABF3-8C40DACD8E59}.Debug|Any CPU.Build.0 = Debug|Any CPU
		{6B18613D-AE7A-42D0-ABF3-8C40DACD8E59}.Release|Any CPU.ActiveCfg = Release|Any CPU
		{6B18613D-AE7A-42D0-ABF3-8C40DACD8E59}.Release|Any CPU.Build.0 = Release|Any CPU
	EndGlobalSection
	GlobalSection(SolutionProperties) = preSolution
		HideSolutionNode = FALSE
	EndGlobalSection
	GlobalSection(ExtensibilityGlobals) = postSolution
		SolutionGuid = {6B2B1E85-67CB-4A0E-9590-69038A3AC40D}
	EndGlobalSection
EndGlobal
