
Microsoft Visual Studio Solution File, Format Version 12.00
# Visual Studio Version 17
VisualStudioVersion = 17.0.32014.148
MinimumVisualStudioVersion = 10.0.40219.1
Project("{FAE04EC0-301F-11D3-BF4B-00C04F79EFBC}") = "lab_2_client", "lab_2_client\lab_2_client.csproj", "{88A408B6-32F8-4A34-A0D4-12A50CBB40D4}"
EndProject
Global
	GlobalSection(SolutionConfigurationPlatforms) = preSolution
		Debug|Any CPU = Debug|Any CPU
		Release|Any CPU = Release|Any CPU
	EndGlobalSection
	GlobalSection(ProjectConfigurationPlatforms) = postSolution
		{88A408B6-32F8-4A34-A0D4-12A50CBB40D4}.Debug|Any CPU.ActiveCfg = Debug|Any CPU
		{88A408B6-32F8-4A34-A0D4-12A50CBB40D4}.Debug|Any CPU.Build.0 = Debug|Any CPU
		{88A408B6-32F8-4A34-A0D4-12A50CBB40D4}.Release|Any CPU.ActiveCfg = Release|Any CPU
		{88A408B6-32F8-4A34-A0D4-12A50CBB40D4}.Release|Any CPU.Build.0 = Release|Any CPU
	EndGlobalSection
	GlobalSection(SolutionProperties) = preSolution
		HideSolutionNode = FALSE
	EndGlobalSection
	GlobalSection(ExtensibilityGlobals) = postSolution
		SolutionGuid = {EDE67937-B9CF-4CF4-BFFA-F5BD97302E1F}
	EndGlobalSection
EndGlobal
